
Microsoft Visual Studio Solution File, Format Version 12.00
# Visual Studio Version 17
VisualStudioVersion = 17.10.34928.147
MinimumVisualStudioVersion = 10.0.40219.1
Project("{9A19103F-16F7-4668-BE54-9A1E7A4F7556}") = "Tetris", "Tetris\Tetris.csproj", "{1B335CB1-BBDC-42DE-BE09-95A5609AF7D7}"
EndProject
Global
	GlobalSection(SolutionConfigurationPlatforms) = preSolution
		Debug|Any CPU = Debug|Any CPU
		Debug|x64 = Debug|x64
		Release|Any CPU = Release|Any CPU
		Release|x64 = Release|x64
		Tetris|Any CPU = Tetris|Any CPU
		Tetris|x64 = Tetris|x64
	EndGlobalSection
	GlobalSection(ProjectConfigurationPlatforms) = postSolution
		{1B335CB1-BBDC-42DE-BE09-95A5609AF7D7}.Debug|Any CPU.ActiveCfg = Debug|Any CPU
		{1B335CB1-BBDC-42DE-BE09-95A5609AF7D7}.Debug|Any CPU.Build.0 = Debug|Any CPU
		{1B335CB1-BBDC-42DE-BE09-95A5609AF7D7}.Debug|x64.ActiveCfg = Debug|x64
		{1B335CB1-BBDC-42DE-BE09-95A5609AF7D7}.Debug|x64.Build.0 = Debug|x64
		{1B335CB1-BBDC-42DE-BE09-95A5609AF7D7}.Release|Any CPU.ActiveCfg = Release|Any CPU
		{1B335CB1-BBDC-42DE-BE09-95A5609AF7D7}.Release|Any CPU.Build.0 = Release|Any CPU
		{1B335CB1-BBDC-42DE-BE09-95A5609AF7D7}.Release|x64.ActiveCfg = Release|x64
		{1B335CB1-BBDC-42DE-BE09-95A5609AF7D7}.Release|x64.Build.0 = Release|x64
		{1B335CB1-BBDC-42DE-BE09-95A5609AF7D7}.Tetris|Any CPU.ActiveCfg = Tetris|Any CPU
		{1B335CB1-BBDC-42DE-BE09-95A5609AF7D7}.Tetris|Any CPU.Build.0 = Tetris|Any CPU
		{1B335CB1-BBDC-42DE-BE09-95A5609AF7D7}.Tetris|x64.ActiveCfg = Tetris|x64
		{1B335CB1-BBDC-42DE-BE09-95A5609AF7D7}.Tetris|x64.Build.0 = Tetris|x64
	EndGlobalSection
	GlobalSection(SolutionProperties) = preSolution
		HideSolutionNode = FALSE
	EndGlobalSection
	GlobalSection(ExtensibilityGlobals) = postSolution
		SolutionGuid = {80991942-FADB-4696-919E-817B68AF8E1E}
	EndGlobalSection
EndGlobal
